# This file is automatically @generated by Cargo.
# It is not intended for manual editing.
version = 4

[[package]]
name = "byteorder"
version = "1.5.0"
source = "registry+https://github.com/rust-lang/crates.io-index"
checksum = "1fd0f2584146f6f2ef48085050886acf353beff7305ebd1ae69500e27c67f64b"

[[package]]
name = "crunchy"
version = "0.2.3"
source = "registry+https://github.com/rust-lang/crates.io-index"
checksum = "43da5946c66ffcc7745f48db692ffbb10a83bfe0afd96235c5c2a4fb23994929"

[[package]]
name = "fixed-hash"
version = "0.8.0"
source = "registry+https://github.com/rust-lang/crates.io-index"
checksum = "835c052cb0c08c1acf6ffd71c022172e18723949c8282f2b9f27efbc51e64534"
dependencies = [
 "static_assertions",
]

[[package]]
name = "hex"
version = "0.4.3"
source = "registry+https://github.com/rust-lang/crates.io-index"
checksum = "7f24254aa9a54b5c858eaee2f5bccdb46aaf0e486a595ed5fd8f86ba55232a70"

[[package]]
name = "keccak-hash"
version = "0.11.0"
source = "registry+https://github.com/rust-lang/crates.io-index"
checksum = "3e1b8590eb6148af2ea2d75f38e7d29f5ca970d5a4df456b3ef19b8b415d0264"
dependencies = [
 "primitive-types",
 "tiny-keccak",
]

[[package]]
name = "merkle-tree"
version = "0.1.0"
dependencies = [
 "keccak-hash",
]

[[package]]
name = "primitive-types"
version = "0.13.1"
source = "registry+https://github.com/rust-lang/crates.io-index"
checksum = "d15600a7d856470b7d278b3fe0e311fe28c2526348549f8ef2ff7db3299c87f5"
dependencies = [
 "fixed-hash",
 "uint",
]

[[package]]
name = "static_assertions"
version = "1.1.0"
source = "registry+https://github.com/rust-lang/crates.io-index"
checksum = "a2eb9349b6444b326872e140eb1cf5e7c522154d69e7a0ffb0fb81c06b37543f"

[[package]]
name = "tiny-keccak"
version = "2.0.2"
source = "registry+https://github.com/rust-lang/crates.io-index"
checksum = "2c9d3793400a45f954c52e73d068316d76b6f4e36977e3fcebb13a2721e80237"
dependencies = [
 "crunchy",
]

[[package]]
name = "uint"
version = "0.10.0"
source = "registry+https://github.com/rust-lang/crates.io-index"
checksum = "909988d098b2f738727b161a106cfc7cab00c539c2687a8836f8e565976fb53e"
dependencies = [
 "byteorder",
 "crunchy",
 "hex",
 "static_assertions",
]
